
Microsoft Visual Studio Solution File, Format Version 12.00
# Visual Studio 15
VisualStudioVersion = 15.0.28010.2026
MinimumVisualStudioVersion = 10.0.40219.1
Project("{FAE04EC0-301F-11D3-BF4B-00C04F79EFBC}") = "trpo 1 lab", "trpo 1 lab\trpo 1 lab.csproj", "{7F657E49-55B1-4FC2-B50E-2A0BD9555D52}"
EndProject
Global
	GlobalSection(SolutionConfigurationPlatforms) = preSolution
		Debug|Any CPU = Debug|Any CPU
		Release|Any CPU = Release|Any CPU
	EndGlobalSection
	GlobalSection(ProjectConfigurationPlatforms) = postSolution
		{7F657E49-55B1-4FC2-B50E-2A0BD9555D52}.Debug|Any CPU.ActiveCfg = Debug|Any CPU
		{7F657E49-55B1-4FC2-B50E-2A0BD9555D52}.Debug|Any CPU.Build.0 = Debug|Any CPU
		{7F657E49-55B1-4FC2-B50E-2A0BD9555D52}.Release|Any CPU.ActiveCfg = Release|Any CPU
		{7F657E49-55B1-4FC2-B50E-2A0BD9555D52}.Release|Any CPU.Build.0 = Release|Any CPU
	EndGlobalSection
	GlobalSection(SolutionProperties) = preSolution
		HideSolutionNode = FALSE
	EndGlobalSection
	GlobalSection(ExtensibilityGlobals) = postSolution
		SolutionGuid = {3DCF9E3B-F602-4CC8-929B-63AC4E6200EC}
	EndGlobalSection
EndGlobal
